
Microsoft Visual Studio Solution File, Format Version 12.00
# Visual Studio Version 16
VisualStudioVersion = 25.0.1706.4
MinimumVisualStudioVersion = 10.0.40219.1
Project("{FAE04EC0-301F-11D3-BF4B-00C04F79EFBC}") = "LeetCode-CSharp-Template", "LeetCode-CSharp-Template.csproj", "{92EB3709-3A54-4AE1-B81E-E7717DA967AB}"
EndProject
Global
	GlobalSection(SolutionConfigurationPlatforms) = preSolution
		Debug|Any CPU = Debug|Any CPU
		Release|Any CPU = Release|Any CPU
	EndGlobalSection
	GlobalSection(ProjectConfigurationPlatforms) = postSolution
		{92EB3709-3A54-4AE1-B81E-E7717DA967AB}.Debug|Any CPU.ActiveCfg = Debug|Any CPU
		{92EB3709-3A54-4AE1-B81E-E7717DA967AB}.Debug|Any CPU.Build.0 = Debug|Any CPU
		{92EB3709-3A54-4AE1-B81E-E7717DA967AB}.Release|Any CPU.ActiveCfg = Release|Any CPU
		{92EB3709-3A54-4AE1-B81E-E7717DA967AB}.Release|Any CPU.Build.0 = Release|Any CPU
	EndGlobalSection
	GlobalSection(SolutionProperties) = preSolution
		HideSolutionNode = FALSE
	EndGlobalSection
	GlobalSection(ExtensibilityGlobals) = postSolution
		SolutionGuid = {1A387EE0-0771-4309-9084-27337D388C70}
	EndGlobalSection
EndGlobal
